{
  "object": {
    "pins": [
      {
        "package": "cllvm",
        "repositoryURL": "https://github.com/llvm-swift/cllvm.git",
        "state": {
          "branch": null,
          "revision": "f85b813d7c2952ffc4cb0c46f905986d12935362",
          "version": "0.0.6"
        }
      },
      {
        "package": "FileCheck",
        "repositoryURL": "https://github.com/llvm-swift/FileCheck.git",
        "state": {
          "branch": null,
          "revision": "e5871587ddf85c0bcf84f773925655f2f83ef336",
          "version": "0.0.7"
        }
      },
      {
        "package": "LLVM",
        "repositoryURL": "https://github.com/llvm-swift/LLVMSwift.git",
        "state": {
          "branch": null,
          "revision": "e7c190ee25fdd54f1f0e303dd636023c19b46d33",
          "version": "0.3.0"
        }
      }
    ]
  },
  "version": 1
}
